
Microsoft Visual Studio Solution File, Format Version 12.00
# Visual Studio Version 16
VisualStudioVersion = 16.0.29911.84
MinimumVisualStudioVersion = 10.0.40219.1
Project("{FAE04EC0-301F-11D3-BF4B-00C04F79EFBC}") = "Uygulama", "Uygulama\Uygulama.csproj", "{0AC0EEE8-C8A6-4743-A267-0F4639F3131C}"
EndProject
Global
	GlobalSection(SolutionConfigurationPlatforms) = preSolution
		Debug|Any CPU = Debug|Any CPU
		Release|Any CPU = Release|Any CPU
	EndGlobalSection
	GlobalSection(ProjectConfigurationPlatforms) = postSolution
		{0AC0EEE8-C8A6-4743-A267-0F4639F3131C}.Debug|Any CPU.ActiveCfg = Debug|Any CPU
		{0AC0EEE8-C8A6-4743-A267-0F4639F3131C}.Debug|Any CPU.Build.0 = Debug|Any CPU
		{0AC0EEE8-C8A6-4743-A267-0F4639F3131C}.Release|Any CPU.ActiveCfg = Release|Any CPU
		{0AC0EEE8-C8A6-4743-A267-0F4639F3131C}.Release|Any CPU.Build.0 = Release|Any CPU
	EndGlobalSection
	GlobalSection(SolutionProperties) = preSolution
		HideSolutionNode = FALSE
	EndGlobalSection
	GlobalSection(ExtensibilityGlobals) = postSolution
		SolutionGuid = {6B735463-9726-40FC-A92F-BD4D6C392270}
	EndGlobalSection
EndGlobal
